{
  "name": "front",
  "lockfileVersion": 2,
  "requires": true,
  "packages": {
    "": {
      "dependencies": {
        "survey-creator": "^1.8.78",
        "survey-vue": "^1.8.78"
      }
    },
    "node_modules/ace-builds": {
      "version": "1.4.13",
      "resolved": "https://registry.npmjs.org/ace-builds/-/ace-builds-1.4.13.tgz",
      "integrity": "sha512-SOLzdaQkY6ecPKYRDDg+MY1WoGgXA34cIvYJNNoBMGGUswHmlauU2Hy0UL96vW0Fs/LgFbMUjD+6vqzWTldIYQ==",
      "peer": true
    },
    "node_modules/bootstrap": {
      "version": "3.4.1",
      "resolved": "https://registry.npmjs.org/bootstrap/-/bootstrap-3.4.1.tgz",
      "integrity": "sha512-yN5oZVmRCwe5aKwzRj6736nSmKDX7pLYwsXiCj/EYmo16hODaBiT4En5btW/jhBF/seV+XMx3aYwukYC3A49DA==",
      "peer": true,
      "engines": {
        "node": ">=6"
      }
    },
    "node_modules/jquery": {
      "version": "3.6.0",
      "resolved": "https://registry.npmjs.org/jquery/-/jquery-3.6.0.tgz",
      "integrity": "sha512-JVzAR/AjBvVt2BmYhxRCSYysDsPcssdmTFnzyLEts9qNwmjmu4JTAMYubEfwVOSwpQ1I1sKKFcxhZCI2buerfw==",
      "peer": true
    },
    "node_modules/knockout": {
      "version": "3.5.1",
      "resolved": "https://registry.npmjs.org/knockout/-/knockout-3.5.1.tgz",
      "integrity": "sha512-wRJ9I4az0QcsH7A4v4l0enUpkS++MBx0BnL/68KaLzJg7x1qmbjSlwEoCNol7KTYZ+pmtI7Eh2J0Nu6/2Z5J/Q=="
    },
    "node_modules/survey-creator": {
      "version": "1.8.78",
      "resolved": "https://registry.npmjs.org/survey-creator/-/survey-creator-1.8.78.tgz",
      "integrity": "sha512-dCA1UKNpdnLRsNyQ48YzfBU6uoxW6r77dd4RA7v/rSfDvsTIQJ+XAG6shgSdQO/3SZrkpPWKsQXchRm9Pbz4Tw==",
      "dependencies": {
        "knockout": "^3.5.0",
        "survey-knockout": "^1.8.78"
      },
      "engines": {
        "node": ">=0.10.0"
      },
      "peerDependencies": {
        "ace-builds": "^1.2.2",
        "bootstrap": "^3.3.6",
        "jquery": "^3.1.1"
      }
    },
    "node_modules/survey-knockout": {
      "version": "1.8.78",
      "resolved": "https://registry.npmjs.org/survey-knockout/-/survey-knockout-1.8.78.tgz",
      "integrity": "sha512-ODt507UvqIEV+mfWa6dS1CxlCN2ZAp/iwWdeNB7z4a0dTbio/1XiXY/OQ/xWtDc5mlfiD5wCzSKh5B1WLmjEKQ==",
      "dependencies": {
        "knockout": "^3.5.1"
      }
    },
    "node_modules/survey-vue": {
      "version": "1.8.78",
      "resolved": "https://registry.npmjs.org/survey-vue/-/survey-vue-1.8.78.tgz",
      "integrity": "sha512-7Hgo4QA/W2Hp8intRyNW9yuld8s0Eurnuit5pf1dPX2TJHp85FCrKYtcf2CQLeE5Md52TkHCm/ylYepm34I/IQ==",
      "dependencies": {
        "vue": "^2.1.10"
      }
    },
    "node_modules/vue": {
      "version": "2.6.14",
      "resolved": "https://registry.npmjs.org/vue/-/vue-2.6.14.tgz",
      "integrity": "sha512-x2284lgYvjOMj3Za7kqzRcUSxBboHqtgRE2zlos1qWaOye5yUmHn42LB1250NJBLRwEcdrB0JRwyPTEPhfQjiQ=="
    }
  },
  "dependencies": {
    "ace-builds": {
      "version": "1.4.13",
      "resolved": "https://registry.npmjs.org/ace-builds/-/ace-builds-1.4.13.tgz",
      "integrity": "sha512-SOLzdaQkY6ecPKYRDDg+MY1WoGgXA34cIvYJNNoBMGGUswHmlauU2Hy0UL96vW0Fs/LgFbMUjD+6vqzWTldIYQ==",
      "peer": true
    },
    "bootstrap": {
      "version": "3.4.1",
      "resolved": "https://registry.npmjs.org/bootstrap/-/bootstrap-3.4.1.tgz",
      "integrity": "sha512-yN5oZVmRCwe5aKwzRj6736nSmKDX7pLYwsXiCj/EYmo16hODaBiT4En5btW/jhBF/seV+XMx3aYwukYC3A49DA==",
      "peer": true
    },
    "jquery": {
      "version": "3.6.0",
      "resolved": "https://registry.npmjs.org/jquery/-/jquery-3.6.0.tgz",
      "integrity": "sha512-JVzAR/AjBvVt2BmYhxRCSYysDsPcssdmTFnzyLEts9qNwmjmu4JTAMYubEfwVOSwpQ1I1sKKFcxhZCI2buerfw==",
      "peer": true
    },
    "knockout": {
      "version": "3.5.1",
      "resolved": "https://registry.npmjs.org/knockout/-/knockout-3.5.1.tgz",
      "integrity": "sha512-wRJ9I4az0QcsH7A4v4l0enUpkS++MBx0BnL/68KaLzJg7x1qmbjSlwEoCNol7KTYZ+pmtI7Eh2J0Nu6/2Z5J/Q=="
    },
    "survey-creator": {
      "version": "1.8.78",
      "resolved": "https://registry.npmjs.org/survey-creator/-/survey-creator-1.8.78.tgz",
      "integrity": "sha512-dCA1UKNpdnLRsNyQ48YzfBU6uoxW6r77dd4RA7v/rSfDvsTIQJ+XAG6shgSdQO/3SZrkpPWKsQXchRm9Pbz4Tw==",
      "requires": {
        "knockout": "^3.5.0",
        "survey-knockout": "^1.8.78"
      }
    },
    "survey-knockout": {
      "version": "1.8.78",
      "resolved": "https://registry.npmjs.org/survey-knockout/-/survey-knockout-1.8.78.tgz",
      "integrity": "sha512-ODt507UvqIEV+mfWa6dS1CxlCN2ZAp/iwWdeNB7z4a0dTbio/1XiXY/OQ/xWtDc5mlfiD5wCzSKh5B1WLmjEKQ==",
      "requires": {
        "knockout": "^3.5.1"
      }
    },
    "survey-vue": {
      "version": "1.8.78",
      "resolved": "https://registry.npmjs.org/survey-vue/-/survey-vue-1.8.78.tgz",
      "integrity": "sha512-7Hgo4QA/W2Hp8intRyNW9yuld8s0Eurnuit5pf1dPX2TJHp85FCrKYtcf2CQLeE5Md52TkHCm/ylYepm34I/IQ==",
      "requires": {
        "vue": "^2.1.10"
      }
    },
    "vue": {
      "version": "2.6.14",
      "resolved": "https://registry.npmjs.org/vue/-/vue-2.6.14.tgz",
      "integrity": "sha512-x2284lgYvjOMj3Za7kqzRcUSxBboHqtgRE2zlos1qWaOye5yUmHn42LB1250NJBLRwEcdrB0JRwyPTEPhfQjiQ=="
    }
  }
}
